<?xml version="1.0" encoding="utf-8"?>
<Project ToolsVersion="4.0" xmlns="http://schemas.microsoft.com/developer/msbuild/2003">
  <ItemGroup>
    <Filter Include="GameFramework">
      <UniqueIdentifier>{cccde409-42c4-4245-8615-71c432ee4f8b}</UniqueIdentifier>
    </Filter>
    <Filter Include="GameFramework\매니져">
      <UniqueIdentifier>{db6058e2-83f6-4c0d-a233-34e042a4969a}</UniqueIdentifier>
    </Filter>
    <Filter Include="GameFramework\유틸">
      <UniqueIdentifier>{82ed7401-0ae2-484e-9601-12b179f70e74}</UniqueIdentifier>
    </Filter>
    <Filter Include="MainGame">
      <UniqueIdentifier>{9c69a583-1983-4b33-912a-e558098cf29c}</UniqueIdentifier>
    </Filter>
    <Filter Include="MainGame\GameNode">
      <UniqueIdentifier>{8c4b8dd0-80cb-4dc5-bfed-01e6b65dba74}</UniqueIdentifier>
    </Filter>
    <Filter Include="GameFramework\이미지">
      <UniqueIdentifier>{1e616e04-3329-41d7-b6ed-02b7d269f51f}</UniqueIdentifier>
    </Filter>
    <Filter Include="GameFramework\총알">
      <UniqueIdentifier>{0850c6c3-b3ea-4bbc-818b-2f7be3085366}</UniqueIdentifier>
    </Filter>
    <Filter Include="GameFramework\싱글톤데이터">
      <UniqueIdentifier>{4f9c286a-e4c3-42c7-9fce-71a675503514}</UniqueIdentifier>
    </Filter>
    <Filter Include="MapTool">
      <UniqueIdentifier>{545b4c28-71eb-4d96-9f49-96a6c22af9fa}</UniqueIdentifier>
    </Filter>
    <Filter Include="MapTool\WinMain">
      <UniqueIdentifier>{68b7cb8f-01ee-485e-8a9d-54f0e06f6040}</UniqueIdentifier>
    </Filter>
    <Filter Include="MainGame\인게임">
      <UniqueIdentifier>{c085af44-2c6f-4769-8527-9f6c78d87154}</UniqueIdentifier>
    </Filter>
    <Filter Include="GameFramework\매니져\사운드">
      <UniqueIdentifier>{abd3ece1-1e83-49f7-84cf-7b7428ce0461}</UniqueIdentifier>
    </Filter>
    <Filter Include="GameFramework\매니져\씬">
      <UniqueIdentifier>{ba93dddf-42f9-40b0-9d0e-5ab1710381a6}</UniqueIdentifier>
    </Filter>
    <Filter Include="GameFramework\매니져\이미지">
      <UniqueIdentifier>{bc419726-8763-4a8c-b83b-df504eda4079}</UniqueIdentifier>
    </Filter>
    <Filter Include="GameFramework\매니져\파티클">
      <UniqueIdentifier>{bdee886b-5155-493b-874e-5891704274d4}</UniqueIdentifier>
    </Filter>
    <Filter Include="MainGame\인게임\monster_test">
      <UniqueIdentifier>{9d1bf617-7f45-4e7a-9a9e-4392db16c51f}</UniqueIdentifier>
    </Filter>
    <Filter Include="GameFramework\매니져\UI">
      <UniqueIdentifier>{a21989a8-ed51-4ccf-9b08-291ec7a11245}</UniqueIdentifier>
    </Filter>
  </ItemGroup>
  <ItemGroup>
    <ClCompile Include="winMain.cpp">
      <Filter>MapTool\WinMain</Filter>
    </ClCompile>
    <ClCompile Include="stdafx.cpp">
      <Filter>MapTool\WinMain</Filter>
    </ClCompile>
    <ClCompile Include="gameNode.cpp">
      <Filter>MainGame\GameNode</Filter>
    </ClCompile>
    <ClCompile Include="input.cpp">
      <Filter>GameFramework\매니져</Filter>
    </ClCompile>
    <ClCompile Include="random.cpp">
      <Filter>GameFramework\유틸</Filter>
    </ClCompile>
    <ClCompile Include="image.cpp">
      <Filter>GameFramework\이미지</Filter>
    </ClCompile>
    <ClCompile Include="player.cpp">
      <Filter>MainGame\인게임</Filter>
    </ClCompile>
    <ClCompile Include="bullet.cpp">
      <Filter>GameFramework\총알</Filter>
    </ClCompile>
    <ClCompile Include="util.cpp">
      <Filter>GameFramework\유틸</Filter>
    </ClCompile>
    <ClCompile Include="enemy.cpp">
      <Filter>MainGame\인게임</Filter>
    </ClCompile>
    <ClCompile Include="minion.cpp">
      <Filter>MainGame\인게임</Filter>
    </ClCompile>
    <ClCompile Include="enemyManager.cpp">
      <Filter>MainGame\인게임</Filter>
    </ClCompile>
    <ClCompile Include="playerData.cpp">
      <Filter>GameFramework\싱글톤데이터</Filter>
    </ClCompile>
    <ClCompile Include="gameScene.cpp">
      <Filter>MainGame\인게임</Filter>
    </ClCompile>
    <ClCompile Include="iniData.cpp">
      <Filter>GameFramework\매니져</Filter>
    </ClCompile>
    <ClCompile Include="mapToolScene.cpp">
      <Filter>MapTool</Filter>
    </ClCompile>
    <ClCompile Include="startScene.cpp" />
    <ClCompile Include="imageManager.cpp">
      <Filter>GameFramework\매니져\이미지</Filter>
    </ClCompile>
    <ClCompile Include="sceneManager.cpp">
      <Filter>GameFramework\매니져\씬</Filter>
    </ClCompile>
    <ClCompile Include="soundManager.cpp">
      <Filter>GameFramework\매니져\사운드</Filter>
    </ClCompile>
    <ClCompile Include="cameraManager.cpp" />
    <ClCompile Include="mainGame.cpp">
      <Filter>MainGame</Filter>
    </ClCompile>
    <ClCompile Include="timeManager.cpp">
      <Filter>GameFramework\매니져</Filter>
    </ClCompile>
    <ClCompile Include="particleManager.cpp">
      <Filter>GameFramework\매니져\파티클</Filter>
    </ClCompile>
    <ClCompile Include="golem.cpp">
      <Filter>MainGame\인게임\monster_test</Filter>
    </ClCompile>
    <ClCompile Include="monster.cpp">
      <Filter>MainGame\인게임\monster_test</Filter>
    </ClCompile>
    <ClCompile Include="uiManager.cpp">
      <Filter>GameFramework\매니져\UI</Filter>
    </ClCompile>
  </ItemGroup>
  <ItemGroup>
    <ClInclude Include="gameNode.h">
      <Filter>MainGame\GameNode</Filter>
    </ClInclude>
    <ClInclude Include="mainGame.h">
      <Filter>MainGame</Filter>
    </ClInclude>
    <ClInclude Include="stdafx.h">
      <Filter>MainGame</Filter>
    </ClInclude>
    <ClInclude Include="commonMacroFunction.h">
      <Filter>GameFramework\유틸</Filter>
    </ClInclude>
    <ClInclude Include="singletonBase.h">
      <Filter>GameFramework\매니져</Filter>
    </ClInclude>
    <ClInclude Include="input.h">
      <Filter>GameFramework\매니져</Filter>
    </ClInclude>
    <ClInclude Include="random.h">
      <Filter>GameFramework\유틸</Filter>
    </ClInclude>
    <ClInclude Include="image.h">
      <Filter>GameFramework\이미지</Filter>
    </ClInclude>
    <ClInclude Include="player.h">
      <Filter>MainGame\인게임</Filter>
    </ClInclude>
    <ClInclude Include="bullet.h">
      <Filter>GameFramework\총알</Filter>
    </ClInclude>
    <ClInclude Include="util.h">
      <Filter>GameFramework\유틸</Filter>
    </ClInclude>
    <ClInclude Include="enemy.h">
      <Filter>MainGame\인게임</Filter>
    </ClInclude>
    <ClInclude Include="minion.h">
      <Filter>MainGame\인게임</Filter>
    </ClInclude>
    <ClInclude Include="enemyManager.h">
      <Filter>MainGame\인게임</Filter>
    </ClInclude>
    <ClInclude Include="playerData.h">
      <Filter>GameFramework\싱글톤데이터</Filter>
    </ClInclude>
    <ClInclude Include="gameScene.h">
      <Filter>MainGame\인게임</Filter>
    </ClInclude>
    <ClInclude Include="iniData.h">
      <Filter>GameFramework\매니져</Filter>
    </ClInclude>
    <ClInclude Include="mapToolScene.h">
      <Filter>MapTool</Filter>
    </ClInclude>
    <ClInclude Include="tileNode.h">
      <Filter>MapTool</Filter>
    </ClInclude>
    <ClInclude Include="startScene.h" />
    <ClInclude Include="colorNode.h">
      <Filter>MapTool</Filter>
    </ClInclude>
    <ClInclude Include="imageManager.h">
      <Filter>GameFramework\매니져\이미지</Filter>
    </ClInclude>
    <ClInclude Include="sceneManager.h">
      <Filter>GameFramework\매니져\씬</Filter>
    </ClInclude>
    <ClInclude Include="soundManager.h">
      <Filter>GameFramework\매니져\사운드</Filter>
    </ClInclude>
    <ClInclude Include="cameraManager.h" />
    <ClInclude Include="timeManager.h">
      <Filter>GameFramework\매니져</Filter>
    </ClInclude>
    <ClInclude Include="particleManager.h">
      <Filter>GameFramework\매니져\파티클</Filter>
    </ClInclude>
    <ClInclude Include="monster.h">
      <Filter>MainGame\인게임\monster_test</Filter>
    </ClInclude>
    <ClInclude Include="golem.h">
      <Filter>MainGame\인게임\monster_test</Filter>
    </ClInclude>
    <ClInclude Include="uiManager.h">
      <Filter>GameFramework\매니져\UI</Filter>
    </ClInclude>
    <ClInclude Include="unitNode.h">
      <Filter>MainGame\인게임</Filter>
    </ClInclude>
  </ItemGroup>
</Project>